
Microsoft Visual Studio Solution File, Format Version 12.00
# Visual Studio Version 17
VisualStudioVersion = 17.2.32602.215
MinimumVisualStudioVersion = 10.0.40219.1
Project("{9A19103F-16F7-4668-BE54-9A1E7A4F7556}") = "Vsembly", "Vsembly\Vsembly.csproj", "{74968E9B-4136-4A87-A90E-A825CADE5165}"
EndProject
Project("{FAE04EC0-301F-11D3-BF4B-00C04F79EFBC}") = "Vsembly.Test.Unit", "Vsembly.Test.Unit\Vsembly.Test.Unit.csproj", "{F910331D-D89A-4DDB-89CD-C2CE4905524A}"
EndProject
Global
	GlobalSection(SolutionConfigurationPlatforms) = preSolution
		Debug|Any CPU = Debug|Any CPU
		Release|Any CPU = Release|Any CPU
	EndGlobalSection
	GlobalSection(ProjectConfigurationPlatforms) = postSolution
		{74968E9B-4136-4A87-A90E-A825CADE5165}.Debug|Any CPU.ActiveCfg = Debug|Any CPU
		{74968E9B-4136-4A87-A90E-A825CADE5165}.Debug|Any CPU.Build.0 = Debug|Any CPU
		{74968E9B-4136-4A87-A90E-A825CADE5165}.Release|Any CPU.ActiveCfg = Release|Any CPU
		{74968E9B-4136-4A87-A90E-A825CADE5165}.Release|Any CPU.Build.0 = Release|Any CPU
		{F910331D-D89A-4DDB-89CD-C2CE4905524A}.Debug|Any CPU.ActiveCfg = Debug|Any CPU
		{F910331D-D89A-4DDB-89CD-C2CE4905524A}.Debug|Any CPU.Build.0 = Debug|Any CPU
		{F910331D-D89A-4DDB-89CD-C2CE4905524A}.Release|Any CPU.ActiveCfg = Release|Any CPU
		{F910331D-D89A-4DDB-89CD-C2CE4905524A}.Release|Any CPU.Build.0 = Release|Any CPU
	EndGlobalSection
	GlobalSection(SolutionProperties) = preSolution
		HideSolutionNode = FALSE
	EndGlobalSection
	GlobalSection(ExtensibilityGlobals) = postSolution
		SolutionGuid = {83BAD1A1-8203-454D-9643-839C31724773}
	EndGlobalSection
EndGlobal
